// !$*UTF8*$!
{
	archiveVersion = 1;
	classes = {
	};
	objectVersion = 50;
	objects = {

/* Begin PBXBuildFile section */
		0CBB70B725DFA98A00BB6F6A /* AppDelegate.swift in Sources */ = {isa = PBXBuildFile; fileRef = 0CBB70B625DFA98A00BB6F6A /* AppDelegate.swift */; };
		0CBB70B925DFA98A00BB6F6A /* SceneDelegate.swift in Sources */ = {isa = PBXBuildFile; fileRef = 0CBB70B825DFA98A00BB6F6A /* SceneDelegate.swift */; };
		0CBB70BB25DFA98B00BB6F6A /* ViewController.swift in Sources */ = {isa = PBXBuildFile; fileRef = 0CBB70BA25DFA98A00BB6F6A /* ViewController.swift */; };
		0CBB70BE25DFA98B00BB6F6A /* Main.storyboard in Resources */ = {isa = PBXBuildFile; fileRef = 0CBB70BC25DFA98B00BB6F6A /* Main.storyboard */; };
		0CBB70C025DFA98D00BB6F6A /* Assets.xcassets in Resources */ = {isa = PBXBuildFile; fileRef = 0CBB70BF25DFA98D00BB6F6A /* Assets.xcassets */; };
		0CBB70C325DFA98D00BB6F6A /* LaunchScreen.storyboard in Resources */ = {isa = PBXBuildFile; fileRef = 0CBB70C125DFA98D00BB6F6A /* LaunchScreen.storyboard */; };
		0CBB70CE25DFA98E00BB6F6A /* MyMoviesAppTests.swift in Sources */ = {isa = PBXBuildFile; fileRef = 0CBB70CD25DFA98E00BB6F6A /* MyMoviesAppTests.swift */; };
		0CBB70D925DFA98E00BB6F6A /* MyMoviesAppUITests.swift in Sources */ = {isa = PBXBuildFile; fileRef = 0CBB70D825DFA98E00BB6F6A /* MyMoviesAppUITests.swift */; };
/* End PBXBuildFile section */

/* Begin PBXContainerItemProxy section */
		0CBB70CA25DFA98E00BB6F6A /* PBXContainerItemProxy */ = {
			isa = PBXContainerItemProxy;
			containerPortal = 0CBB70AB25DFA98A00BB6F6A /* Project object */;
			proxyType = 1;
			remoteGlobalIDString = 0CBB70B225DFA98A00BB6F6A;
			remoteInfo = MyMoviesApp;
		};
		0CBB70D525DFA98E00BB6F6A /* PBXContainerItemProxy */ = {
			isa = PBXContainerItemProxy;
			containerPortal = 0CBB70AB25DFA98A00BB6F6A /* Project object */;
			proxyType = 1;
			remoteGlobalIDString = 0CBB70B225DFA98A00BB6F6A;
			remoteInfo = MyMoviesApp;
		};
/* End PBXContainerItemProxy section */

/* Begin PBXFileReference section */
		0CBB70B325DFA98A00BB6F6A /* MyMoviesApp.app */ = {isa = PBXFileReference; explicitFileType = wrapper.application; includeInIndex = 0; path = MyMoviesApp.app; sourceTree = BUILT_PRODUCTS_DIR; };
		0CBB70B625DFA98A00BB6F6A /* AppDelegate.swift */ = {isa = PBXFileReference; lastKnownFileType = sourcecode.swift; path = AppDelegate.swift; sourceTree = "<group>"; };
		0CBB70B825DFA98A00BB6F6A /* SceneDelegate.swift */ = {isa = PBXFileReference; lastKnownFileType = sourcecode.swift; path = SceneDelegate.swift; sourceTree = "<group>"; };
		0CBB70BA25DFA98A00BB6F6A /* ViewController.swift */ = {isa = PBXFileReference; lastKnownFileType = sourcecode.swift; path = ViewController.swift; sourceTree = "<group>"; };
		0CBB70BD25DFA98B00BB6F6A /* Base */ = {isa = PBXFileReference; lastKnownFileType = file.storyboard; name = Base; path = Base.lproj/Main.storyboard; sourceTree = "<group>"; };
		0CBB70BF25DFA98D00BB6F6A /* Assets.xcassets */ = {isa = PBXFileReference; lastKnownFileType = folder.assetcatalog; path = Assets.xcassets; sourceTree = "<group>"; };
		0CBB70C225DFA98D00BB6F6A /* Base */ = {isa = PBXFileReference; lastKnownFileType = file.storyboard; name = Base; path = Base.lproj/LaunchScreen.storyboard; sourceTree = "<group>"; };
		0CBB70C425DFA98D00BB6F6A /* Info.plist */ = {isa = PBXFileReference; lastKnownFileType = text.plist.xml; path = Info.plist; sourceTree = "<group>"; };
		0CBB70C925DFA98E00BB6F6A /* MyMoviesAppTests.xctest */ = {isa = PBXFileReference; explicitFileType = wrapper.cfbundle; includeInIndex = 0; path = MyMoviesAppTests.xctest; sourceTree = BUILT_PRODUCTS_DIR; };
		0CBB70CD25DFA98E00BB6F6A /* MyMoviesAppTests.swift */ = {isa = PBXFileReference; lastKnownFileType = sourcecode.swift; path = MyMoviesAppTests.swift; sourceTree = "<group>"; };
		0CBB70CF25DFA98E00BB6F6A /* Info.plist */ = {isa = PBXFileReference; lastKnownFileType = text.plist.xml; path = Info.plist; sourceTree = "<group>"; };
		0CBB70D425DFA98E00BB6F6A /* MyMoviesAppUITests.xctest */ = {isa = PBXFileReference; explicitFileType = wrapper.cfbundle; includeInIndex = 0; path = MyMoviesAppUITests.xctest; sourceTree = BUILT_PRODUCTS_DIR; };
		0CBB70D825DFA98E00BB6F6A /* MyMoviesAppUITests.swift */ = {isa = PBXFileReference; lastKnownFileType = sourcecode.swift; path = MyMoviesAppUITests.swift; sourceTree = "<group>"; };
		0CBB70DA25DFA98E00BB6F6A /* Info.plist */ = {isa = PBXFileReference; lastKnownFileType = text.plist.xml; path = Info.plist; sourceTree = "<group>"; };
/* End PBXFileReference section */

/* Begin PBXFrameworksBuildPhase section */
		0CBB70B025DFA98A00BB6F6A /* Frameworks */ = {
			isa = PBXFrameworksBuildPhase;
			buildActionMask = 2147483647;
			files = (
			);
			runOnlyForDeploymentPostprocessing = 0;
		};
		0CBB70C625DFA98E00BB6F6A /* Frameworks */ = {
			isa = PBXFrameworksBuildPhase;
			buildActionMask = 2147483647;
			files = (
			);
			runOnlyForDeploymentPostprocessing = 0;
		};
		0CBB70D125DFA98E00BB6F6A /* Frameworks */ = {
			isa = PBXFrameworksBuildPhase;
			buildActionMask = 2147483647;
			files = (
			);
			runOnlyForDeploymentPostprocessing = 0;
		};
/* End PBXFrameworksBuildPhase section */

/* Begin PBXGroup section */
		0CBB70AA25DFA98A00BB6F6A = {
			isa = PBXGroup;
			children = (
				0CBB70B525DFA98A00BB6F6A /* MyMoviesApp */,
				0CBB70CC25DFA98E00BB6F6A /* MyMoviesAppTests */,
				0CBB70D725DFA98E00BB6F6A /* MyMoviesAppUITests */,
				0CBB70B425DFA98A00BB6F6A /* Products */,
			);
			sourceTree = "<group>";
		};
		0CBB70B425DFA98A00BB6F6A /* Products */ = {
			isa = PBXGroup;
			children = (
				0CBB70B325DFA98A00BB6F6A /* MyMoviesApp.app */,
				0CBB70C925DFA98E00BB6F6A /* MyMoviesAppTests.xctest */,
				0CBB70D425DFA98E00BB6F6A /* MyMoviesAppUITests.xctest */,
			);
			name = Products;
			sourceTree = "<group>";
		};
		0CBB70B525DFA98A00BB6F6A /* MyMoviesApp */ = {
			isa = PBXGroup;
			children = (
				0CBB70B625DFA98A00BB6F6A /* AppDelegate.swift */,
				0CBB70B825DFA98A00BB6F6A /* SceneDelegate.swift */,
				0CBB70BA25DFA98A00BB6F6A /* ViewController.swift */,
				0CBB70BC25DFA98B00BB6F6A /* Main.storyboard */,
				0CBB70BF25DFA98D00BB6F6A /* Assets.xcassets */,
				0CBB70C125DFA98D00BB6F6A /* LaunchScreen.storyboard */,
				0CBB70C425DFA98D00BB6F6A /* Info.plist */,
			);
			path = MyMoviesApp;
			sourceTree = "<group>";
		};
		0CBB70CC25DFA98E00BB6F6A /* MyMoviesAppTests */ = {
			isa = PBXGroup;
			children = (
				0CBB70CD25DFA98E00BB6F6A /* MyMoviesAppTests.swift */,
				0CBB70CF25DFA98E00BB6F6A /* Info.plist */,
			);
			path = MyMoviesAppTests;
			sourceTree = "<group>";
		};
		0CBB70D725DFA98E00BB6F6A /* MyMoviesAppUITests */ = {
			isa = PBXGroup;
			children = (
				0CBB70D825DFA98E00BB6F6A /* MyMoviesAppUITests.swift */,
				0CBB70DA25DFA98E00BB6F6A /* Info.plist */,
			);
			path = MyMoviesAppUITests;
			sourceTree = "<group>";
		};
/* End PBXGroup section */

/* Begin PBXNativeTarget section */
		0CBB70B225DFA98A00BB6F6A /* MyMoviesApp */ = {
			isa = PBXNativeTarget;
			buildConfigurationList = 0CBB70DD25DFA98E00BB6F6A /* Build configuration list for PBXNativeTarget "MyMoviesApp" */;
			buildPhases = (
				0CBB70AF25DFA98A00BB6F6A /* Sources */,
				0CBB70B025DFA98A00BB6F6A /* Frameworks */,
				0CBB70B125DFA98A00BB6F6A /* Resources */,
			);
			buildRules = (
			);
			dependencies = (
			);
			name = MyMoviesApp;
			productName = MyMoviesApp;
			productReference = 0CBB70B325DFA98A00BB6F6A /* MyMoviesApp.app */;
			productType = "com.apple.product-type.application";
		};
		0CBB70C825DFA98E00BB6F6A /* MyMoviesAppTests */ = {
			isa = PBXNativeTarget;
			buildConfigurationList = 0CBB70E025DFA98E00BB6F6A /* Build configuration list for PBXNativeTarget "MyMoviesAppTests" */;
			buildPhases = (
				0CBB70C525DFA98E00BB6F6A /* Sources */,
				0CBB70C625DFA98E00BB6F6A /* Frameworks */,
				0CBB70C725DFA98E00BB6F6A /* Resources */,
			);
			buildRules = (
			);
			dependencies = (
				0CBB70CB25DFA98E00BB6F6A /* PBXTargetDependency */,
			);
			name = MyMoviesAppTests;
			productName = MyMoviesAppTests;
			productReference = 0CBB70C925DFA98E00BB6F6A /* MyMoviesAppTests.xctest */;
			productType = "com.apple.product-type.bundle.unit-test";
		};
		0CBB70D325DFA98E00BB6F6A /* MyMoviesAppUITests */ = {
			isa = PBXNativeTarget;
			buildConfigurationList = 0CBB70E325DFA98E00BB6F6A /* Build configuration list for PBXNativeTarget "MyMoviesAppUITests" */;
			buildPhases = (
				0CBB70D025DFA98E00BB6F6A /* Sources */,
				0CBB70D125DFA98E00BB6F6A /* Frameworks */,
				0CBB70D225DFA98E00BB6F6A /* Resources */,
			);
			buildRules = (
			);
			dependencies = (
				0CBB70D625DFA98E00BB6F6A /* PBXTargetDependency */,
			);
			name = MyMoviesAppUITests;
			productName = MyMoviesAppUITests;
			productReference = 0CBB70D425DFA98E00BB6F6A /* MyMoviesAppUITests.xctest */;
			productType = "com.apple.product-type.bundle.ui-testing";
		};
/* End PBXNativeTarget section */

/* Begin PBXProject section */
		0CBB70AB25DFA98A00BB6F6A /* Project object */ = {
			isa = PBXProject;
			attributes = {
				LastSwiftUpdateCheck = 1240;
				LastUpgradeCheck = 1240;
				TargetAttributes = {
					0CBB70B225DFA98A00BB6F6A = {
						CreatedOnToolsVersion = 12.4;
					};
					0CBB70C825DFA98E00BB6F6A = {
						CreatedOnToolsVersion = 12.4;
						TestTargetID = 0CBB70B225DFA98A00BB6F6A;
					};
					0CBB70D325DFA98E00BB6F6A = {
						CreatedOnToolsVersion = 12.4;
						TestTargetID = 0CBB70B225DFA98A00BB6F6A;
					};
				};
			};
			buildConfigurationList = 0CBB70AE25DFA98A00BB6F6A /* Build configuration list for PBXProject "MyMoviesApp" */;
			compatibilityVersion = "Xcode 9.3";
			developmentRegion = en;
			hasScannedForEncodings = 0;
			knownRegions = (
				en,
				Base,
			);
			mainGroup = 0CBB70AA25DFA98A00BB6F6A;
			productRefGroup = 0CBB70B425DFA98A00BB6F6A /* Products */;
			projectDirPath = "";
			projectRoot = "";
			targets = (
				0CBB70B225DFA98A00BB6F6A /* MyMoviesApp */,
				0CBB70C825DFA98E00BB6F6A /* MyMoviesAppTests */,
				0CBB70D325DFA98E00BB6F6A /* MyMoviesAppUITests */,
			);
		};
/* End PBXProject section */

/* Begin PBXResourcesBuildPhase section */
		0CBB70B125DFA98A00BB6F6A /* Resources */ = {
			isa = PBXResourcesBuildPhase;
			buildActionMask = 2147483647;
			files = (
				0CBB70C325DFA98D00BB6F6A /* LaunchScreen.storyboard in Resources */,
				0CBB70C025DFA98D00BB6F6A /* Assets.xcassets in Resources */,
				0CBB70BE25DFA98B00BB6F6A /* Main.storyboard in Resources */,
			);
			runOnlyForDeploymentPostprocessing = 0;
		};
		0CBB70C725DFA98E00BB6F6A /* Resources */ = {
			isa = PBXResourcesBuildPhase;
			buildActionMask = 2147483647;
			files = (
			);
			runOnlyForDeploymentPostprocessing = 0;
		};
		0CBB70D225DFA98E00BB6F6A /* Resources */ = {
			isa = PBXResourcesBuildPhase;
			buildActionMask = 2147483647;
			files = (
			);
			runOnlyForDeploymentPostprocessing = 0;
		};
/* End PBXResourcesBuildPhase section */

/* Begin PBXSourcesBuildPhase section */
		0CBB70AF25DFA98A00BB6F6A /* Sources */ = {
			isa = PBXSourcesBuildPhase;
			buildActionMask = 2147483647;
			files = (
				0CBB70BB25DFA98B00BB6F6A /* ViewController.swift in Sources */,
				0CBB70B725DFA98A00BB6F6A /* AppDelegate.swift in Sources */,
				0CBB70B925DFA98A00BB6F6A /* SceneDelegate.swift in Sources */,
			);
			runOnlyForDeploymentPostprocessing = 0;
		};
		0CBB70C525DFA98E00BB6F6A /* Sources */ = {
			isa = PBXSourcesBuildPhase;
			buildActionMask = 2147483647;
			files = (
				0CBB70CE25DFA98E00BB6F6A /* MyMoviesAppTests.swift in Sources */,
			);
			runOnlyForDeploymentPostprocessing = 0;
		};
		0CBB70D025DFA98E00BB6F6A /* Sources */ = {
			isa = PBXSourcesBuildPhase;
			buildActionMask = 2147483647;
			files = (
				0CBB70D925DFA98E00BB6F6A /* MyMoviesAppUITests.swift in Sources */,
			);
			runOnlyForDeploymentPostprocessing = 0;
		};
/* End PBXSourcesBuildPhase section */

/* Begin PBXTargetDependency section */
		0CBB70CB25DFA98E00BB6F6A /* PBXTargetDependency */ = {
			isa = PBXTargetDependency;
			target = 0CBB70B225DFA98A00BB6F6A /* MyMoviesApp */;
			targetProxy = 0CBB70CA25DFA98E00BB6F6A /* PBXContainerItemProxy */;
		};
		0CBB70D625DFA98E00BB6F6A /* PBXTargetDependency */ = {
			isa = PBXTargetDependency;
			target = 0CBB70B225DFA98A00BB6F6A /* MyMoviesApp */;
			targetProxy = 0CBB70D525DFA98E00BB6F6A /* PBXContainerItemProxy */;
		};
/* End PBXTargetDependency section */

/* Begin PBXVariantGroup section */
		0CBB70BC25DFA98B00BB6F6A /* Main.storyboard */ = {
			isa = PBXVariantGroup;
			children = (
				0CBB70BD25DFA98B00BB6F6A /* Base */,
			);
			name = Main.storyboard;
			sourceTree = "<group>";
		};
		0CBB70C125DFA98D00BB6F6A /* LaunchScreen.storyboard */ = {
			isa = PBXVariantGroup;
			children = (
				0CBB70C225DFA98D00BB6F6A /* Base */,
			);
			name = LaunchScreen.storyboard;
			sourceTree = "<group>";
		};
/* End PBXVariantGroup section */

/* Begin XCBuildConfiguration section */
		0CBB70DB25DFA98E00BB6F6A /* Debug */ = {
			isa = XCBuildConfiguration;
			buildSettings = {
				ALWAYS_SEARCH_USER_PATHS = NO;
				CLANG_ANALYZER_NONNULL = YES;
				CLANG_ANALYZER_NUMBER_OBJECT_CONVERSION = YES_AGGRESSIVE;
				CLANG_CXX_LANGUAGE_STANDARD = "gnu++14";
				CLANG_CXX_LIBRARY = "libc++";
				CLANG_ENABLE_MODULES = YES;
				CLANG_ENABLE_OBJC_ARC = YES;
				CLANG_ENABLE_OBJC_WEAK = YES;
				CLANG_WARN_BLOCK_CAPTURE_AUTORELEASING = YES;
				CLANG_WARN_BOOL_CONVERSION = YES;
				CLANG_WARN_COMMA = YES;
				CLANG_WARN_CONSTANT_CONVERSION = YES;
				CLANG_WARN_DEPRECATED_OBJC_IMPLEMENTATIONS = YES;
				CLANG_WARN_DIRECT_OBJC_ISA_USAGE = YES_ERROR;
				CLANG_WARN_DOCUMENTATION_COMMENTS = YES;
				CLANG_WARN_EMPTY_BODY = YES;
				CLANG_WARN_ENUM_CONVERSION = YES;
				CLANG_WARN_INFINITE_RECURSION = YES;
				CLANG_WARN_INT_CONVERSION = YES;
				CLANG_WARN_NON_LITERAL_NULL_CONVERSION = YES;
				CLANG_WARN_OBJC_IMPLICIT_RETAIN_SELF = YES;
				CLANG_WARN_OBJC_LITERAL_CONVERSION = YES;
				CLANG_WARN_OBJC_ROOT_CLASS = YES_ERROR;
				CLANG_WARN_QUOTED_INCLUDE_IN_FRAMEWORK_HEADER = YES;
				CLANG_WARN_RANGE_LOOP_ANALYSIS = YES;
				CLANG_WARN_STRICT_PROTOTYPES = YES;
				CLANG_WARN_SUSPICIOUS_MOVE = YES;
				CLANG_WARN_UNGUARDED_AVAILABILITY = YES_AGGRESSIVE;
				CLANG_WARN_UNREACHABLE_CODE = YES;
				CLANG_WARN__DUPLICATE_METHOD_MATCH = YES;
				COPY_PHASE_STRIP = NO;
				DEBUG_INFORMATION_FORMAT = dwarf;
				ENABLE_STRICT_OBJC_MSGSEND = YES;
				ENABLE_TESTABILITY = YES;
				GCC_C_LANGUAGE_STANDARD = gnu11;
				GCC_DYNAMIC_NO_PIC = NO;
				GCC_NO_COMMON_BLOCKS = YES;
				GCC_OPTIMIZATION_LEVEL = 0;
				GCC_PREPROCESSOR_DEFINITIONS = (
					"DEBUG=1",
					"$(inherited)",
				);
				GCC_WARN_64_TO_32_BIT_CONVERSION = YES;
				GCC_WARN_ABOUT_RETURN_TYPE = YES_ERROR;
				GCC_WARN_UNDECLARED_SELECTOR = YES;
				GCC_WARN_UNINITIALIZED_AUTOS = YES_AGGRESSIVE;
				GCC_WARN_UNUSED_FUNCTION = YES;
				GCC_WARN_UNUSED_VARIABLE = YES;
				IPHONEOS_DEPLOYMENT_TARGET = 14.4;
				MTL_ENABLE_DEBUG_INFO = INCLUDE_SOURCE;
				MTL_FAST_MATH = YES;
				ONLY_ACTIVE_ARCH = YES;
				SDKROOT = iphoneos;
				SWIFT_ACTIVE_COMPILATION_CONDITIONS = DEBUG;
				SWIFT_OPTIMIZATION_LEVEL = "-Onone";
			};
			name = Debug;
		};
		0CBB70DC25DFA98E00BB6F6A /* Release */ = {
			isa = XCBuildConfiguration;
			buildSettings = {
				ALWAYS_SEARCH_USER_PATHS = NO;
				CLANG_ANALYZER_NONNULL = YES;
				CLANG_ANALYZER_NUMBER_OBJECT_CONVERSION = YES_AGGRESSIVE;
				CLANG_CXX_LANGUAGE_STANDARD = "gnu++14";
				CLANG_CXX_LIBRARY = "libc++";
				CLANG_ENABLE_MODULES = YES;
				CLANG_ENABLE_OBJC_ARC = YES;
				CLANG_ENABLE_OBJC_WEAK = YES;
				CLANG_WARN_BLOCK_CAPTURE_AUTORELEASING = YES;
				CLANG_WARN_BOOL_CONVERSION = YES;
				CLANG_WARN_COMMA = YES;
				CLANG_WARN_CONSTANT_CONVERSION = YES;
				CLANG_WARN_DEPRECATED_OBJC_IMPLEMENTATIONS = YES;
				CLANG_WARN_DIRECT_OBJC_ISA_USAGE = YES_ERROR;
				CLANG_WARN_DOCUMENTATION_COMMENTS = YES;
				CLANG_WARN_EMPTY_BODY = YES;
				CLANG_WARN_ENUM_CONVERSION = YES;
				CLANG_WARN_INFINITE_RECURSION = YES;
				CLANG_WARN_INT_CONVERSION = YES;
				CLANG_WARN_NON_LITERAL_NULL_CONVERSION = YES;
				CLANG_WARN_OBJC_IMPLICIT_RETAIN_SELF = YES;
				CLANG_WARN_OBJC_LITERAL_CONVERSION = YES;
				CLANG_WARN_OBJC_ROOT_CLASS = YES_ERROR;
				CLANG_WARN_QUOTED_INCLUDE_IN_FRAMEWORK_HEADER = YES;
				CLANG_WARN_RANGE_LOOP_ANALYSIS = YES;
				CLANG_WARN_STRICT_PROTOTYPES = YES;
				CLANG_WARN_SUSPICIOUS_MOVE = YES;
				CLANG_WARN_UNGUARDED_AVAILABILITY = YES_AGGRESSIVE;
				CLANG_WARN_UNREACHABLE_CODE = YES;
				CLANG_WARN__DUPLICATE_METHOD_MATCH = YES;
				COPY_PHASE_STRIP = NO;
				DEBUG_INFORMATION_FORMAT = "dwarf-with-dsym";
				ENABLE_NS_ASSERTIONS = NO;
				ENABLE_STRICT_OBJC_MSGSEND = YES;
				GCC_C_LANGUAGE_STANDARD = gnu11;
				GCC_NO_COMMON_BLOCKS = YES;
				GCC_WARN_64_TO_32_BIT_CONVERSION = YES;
				GCC_WARN_ABOUT_RETURN_TYPE = YES_ERROR;
				GCC_WARN_UNDECLARED_SELECTOR = YES;
				GCC_WARN_UNINITIALIZED_AUTOS = YES_AGGRESSIVE;
				GCC_WARN_UNUSED_FUNCTION = YES;
				GCC_WARN_UNUSED_VARIABLE = YES;
				IPHONEOS_DEPLOYMENT_TARGET = 14.4;
				MTL_ENABLE_DEBUG_INFO = NO;
				MTL_FAST_MATH = YES;
				SDKROOT = iphoneos;
				SWIFT_COMPILATION_MODE = wholemodule;
				SWIFT_OPTIMIZATION_LEVEL = "-O";
				VALIDATE_PRODUCT = YES;
			};
			name = Release;
		};
		0CBB70DE25DFA98E00BB6F6A /* Debug */ = {
			isa = XCBuildConfiguration;
			buildSettings = {
				ASSETCATALOG_COMPILER_APPICON_NAME = AppIcon;
				ASSETCATALOG_COMPILER_GLOBAL_ACCENT_COLOR_NAME = AccentColor;
				CODE_SIGN_STYLE = Automatic;
				INFOPLIST_FILE = MyMoviesApp/Info.plist;
				LD_RUNPATH_SEARCH_PATHS = (
					"$(inherited)",
					"@executable_path/Frameworks",
				);
				PRODUCT_BUNDLE_IDENTIFIER = "delaineabner-bennington.edu.MyMoviesApp";
				PRODUCT_NAME = "$(TARGET_NAME)";
				SWIFT_VERSION = 5.0;
				TARGETED_DEVICE_FAMILY = "1,2";
			};
			name = Debug;
		};
		0CBB70DF25DFA98E00BB6F6A /* Release */ = {
			isa = XCBuildConfiguration;
			buildSettings = {
				ASSETCATALOG_COMPILER_APPICON_NAME = AppIcon;
				ASSETCATALOG_COMPILER_GLOBAL_ACCENT_COLOR_NAME = AccentColor;
				CODE_SIGN_STYLE = Automatic;
				INFOPLIST_FILE = MyMoviesApp/Info.plist;
				LD_RUNPATH_SEARCH_PATHS = (
					"$(inherited)",
					"@executable_path/Frameworks",
				);
				PRODUCT_BUNDLE_IDENTIFIER = "delaineabner-bennington.edu.MyMoviesApp";
				PRODUCT_NAME = "$(TARGET_NAME)";
				SWIFT_VERSION = 5.0;
				TARGETED_DEVICE_FAMILY = "1,2";
			};
			name = Release;
		};
		0CBB70E125DFA98E00BB6F6A /* Debug */ = {
			isa = XCBuildConfiguration;
			buildSettings = {
				ALWAYS_EMBED_SWIFT_STANDARD_LIBRARIES = YES;
				BUNDLE_LOADER = "$(TEST_HOST)";
				CODE_SIGN_STYLE = Automatic;
				INFOPLIST_FILE = MyMoviesAppTests/Info.plist;
				IPHONEOS_DEPLOYMENT_TARGET = 14.4;
				LD_RUNPATH_SEARCH_PATHS = (
					"$(inherited)",
					"@executable_path/Frameworks",
					"@loader_path/Frameworks",
				);
				PRODUCT_BUNDLE_IDENTIFIER = "delaineabner-bennington.edu.MyMoviesAppTests";
				PRODUCT_NAME = "$(TARGET_NAME)";
				SWIFT_VERSION = 5.0;
				TARGETED_DEVICE_FAMILY = "1,2";
				TEST_HOST = "$(BUILT_PRODUCTS_DIR)/MyMoviesApp.app/MyMoviesApp";
			};
			name = Debug;
		};
		0CBB70E225DFA98E00BB6F6A /* Release */ = {
			isa = XCBuildConfiguration;
			buildSettings = {
				ALWAYS_EMBED_SWIFT_STANDARD_LIBRARIES = YES;
				BUNDLE_LOADER = "$(TEST_HOST)";
				CODE_SIGN_STYLE = Automatic;
				INFOPLIST_FILE = MyMoviesAppTests/Info.plist;
				IPHONEOS_DEPLOYMENT_TARGET = 14.4;
				LD_RUNPATH_SEARCH_PATHS = (
					"$(inherited)",
					"@executable_path/Frameworks",
					"@loader_path/Frameworks",
				);
				PRODUCT_BUNDLE_IDENTIFIER = "delaineabner-bennington.edu.MyMoviesAppTests";
				PRODUCT_NAME = "$(TARGET_NAME)";
				SWIFT_VERSION = 5.0;
				TARGETED_DEVICE_FAMILY = "1,2";
				TEST_HOST = "$(BUILT_PRODUCTS_DIR)/MyMoviesApp.app/MyMoviesApp";
			};
			name = Release;
		};
		0CBB70E425DFA98E00BB6F6A /* Debug */ = {
			isa = XCBuildConfiguration;
			buildSettings = {
				ALWAYS_EMBED_SWIFT_STANDARD_LIBRARIES = YES;
				CODE_SIGN_STYLE = Automatic;
				INFOPLIST_FILE = MyMoviesAppUITests/Info.plist;
				LD_RUNPATH_SEARCH_PATHS = (
					"$(inherited)",
					"@executable_path/Frameworks",
					"@loader_path/Frameworks",
				);
				PRODUCT_BUNDLE_IDENTIFIER = "delaineabner-bennington.edu.MyMoviesAppUITests";
				PRODUCT_NAME = "$(TARGET_NAME)";
				SWIFT_VERSION = 5.0;
				TARGETED_DEVICE_FAMILY = "1,2";
				TEST_TARGET_NAME = MyMoviesApp;
			};
			name = Debug;
		};
		0CBB70E525DFA98E00BB6F6A /* Release */ = {
			isa = XCBuildConfiguration;
			buildSettings = {
				ALWAYS_EMBED_SWIFT_STANDARD_LIBRARIES = YES;
				CODE_SIGN_STYLE = Automatic;
				INFOPLIST_FILE = MyMoviesAppUITests/Info.plist;
				LD_RUNPATH_SEARCH_PATHS = (
					"$(inherited)",
					"@executable_path/Frameworks",
					"@loader_path/Frameworks",
				);
				PRODUCT_BUNDLE_IDENTIFIER = "delaineabner-bennington.edu.MyMoviesAppUITests";
				PRODUCT_NAME = "$(TARGET_NAME)";
				SWIFT_VERSION = 5.0;
				TARGETED_DEVICE_FAMILY = "1,2";
				TEST_TARGET_NAME = MyMoviesApp;
			};
			name = Release;
		};
/* End XCBuildConfiguration section */

/* Begin XCConfigurationList section */
		0CBB70AE25DFA98A00BB6F6A /* Build configuration list for PBXProject "MyMoviesApp" */ = {
			isa = XCConfigurationList;
			buildConfigurations = (
				0CBB70DB25DFA98E00BB6F6A /* Debug */,
				0CBB70DC25DFA98E00BB6F6A /* Release */,
			);
			defaultConfigurationIsVisible = 0;
			defaultConfigurationName = Release;
		};
		0CBB70DD25DFA98E00BB6F6A /* Build configuration list for PBXNativeTarget "MyMoviesApp" */ = {
			isa = XCConfigurationList;
			buildConfigurations = (
				0CBB70DE25DFA98E00BB6F6A /* Debug */,
				0CBB70DF25DFA98E00BB6F6A /* Release */,
			);
			defaultConfigurationIsVisible = 0;
			defaultConfigurationName = Release;
		};
		0CBB70E025DFA98E00BB6F6A /* Build configuration list for PBXNativeTarget "MyMoviesAppTests" */ = {
			isa = XCConfigurationList;
			buildConfigurations = (
				0CBB70E125DFA98E00BB6F6A /* Debug */,
				0CBB70E225DFA98E00BB6F6A /* Release */,
			);
			defaultConfigurationIsVisible = 0;
			defaultConfigurationName = Release;
		};
		0CBB70E325DFA98E00BB6F6A /* Build configuration list for PBXNativeTarget "MyMoviesAppUITests" */ = {
			isa = XCConfigurationList;
			buildConfigurations = (
				0CBB70E425DFA98E00BB6F6A /* Debug */,
				0CBB70E525DFA98E00BB6F6A /* Release */,
			);
			defaultConfigurationIsVisible = 0;
			defaultConfigurationName = Release;
		};
/* End XCConfigurationList section */
	};
	rootObject = 0CBB70AB25DFA98A00BB6F6A /* Project object */;
}
